// !$*UTF8*$!
{
	archiveVersion = 1;
	classes = {
	};
	objectVersion = 56;
	objects = {

/* Begin PBXBuildFile section */
		30D297152C4F9FB600496B5E /* MoodCard.swift in Sources */ = {isa = PBXBuildFile; fileRef = 30D297142C4F9FB600496B5E /* MoodCard.swift */; };
		8C29650E2C45123F0027E79D /* Style.swift in Sources */ = {isa = PBXBuildFile; fileRef = 8C29650D2C45123F0027E79D /* Style.swift */; };
		8C2965102C4514450027E79D /* ButtonRegular.swift in Sources */ = {isa = PBXBuildFile; fileRef = 8C29650F2C4514450027E79D /* ButtonRegular.swift */; };
		8C2965122C45184C0027E79D /* Application.swift in Sources */ = {isa = PBXBuildFile; fileRef = 8C2965112C45184C0027E79D /* Application.swift */; };
		8C2965172C46611B0027E79D /* ButtonIcon.swift in Sources */ = {isa = PBXBuildFile; fileRef = 8C2965162C46611B0027E79D /* ButtonIcon.swift */; };
		8C29651C2C4669A40027E79D /* JournalModel.swift in Sources */ = {isa = PBXBuildFile; fileRef = 8C29651B2C4669A40027E79D /* JournalModel.swift */; };
		8C29651F2C466A100027E79D /* AttributedText.swift in Sources */ = {isa = PBXBuildFile; fileRef = 8C29651E2C466A100027E79D /* AttributedText.swift */; };
		8C2965212C466A8A0027E79D /* JournalDetailView.swift in Sources */ = {isa = PBXBuildFile; fileRef = 8C2965202C466A8A0027E79D /* JournalDetailView.swift */; };
		8C2965232C47A7350027E79D /* EditingView.swift in Sources */ = {isa = PBXBuildFile; fileRef = 8C2965222C47A7350027E79D /* EditingView.swift */; };
		8C2965252C47B8850027E79D /* TaggingView.swift in Sources */ = {isa = PBXBuildFile; fileRef = 8C2965242C47B8850027E79D /* TaggingView.swift */; };
		8C4249BE2C4A343700709111 /* VerticalFlow.swift in Sources */ = {isa = PBXBuildFile; fileRef = 8C4249BD2C4A343700709111 /* VerticalFlow.swift */; };
		8C9B9A2D2C5230DE000258DA /* JournalListView.swift in Sources */ = {isa = PBXBuildFile; fileRef = 8C9B9A2C2C5230DE000258DA /* JournalListView.swift */; };
		8C9B9A2F2C52338E000258DA /* Collection.swift in Sources */ = {isa = PBXBuildFile; fileRef = 8C9B9A2E2C52338E000258DA /* Collection.swift */; };
		8CBD2CCB2C4DCE4A00D4A502 /* Mood.swift in Sources */ = {isa = PBXBuildFile; fileRef = 8CBD2CCA2C4DCE4A00D4A502 /* Mood.swift */; };
		8CBD2CCD2C4DF90600D4A502 /* MoodData.swift in Sources */ = {isa = PBXBuildFile; fileRef = 8CBD2CCC2C4DF90600D4A502 /* MoodData.swift */; };
		8CBD2CCF2C4DF93E00D4A502 /* MoodCluster.swift in Sources */ = {isa = PBXBuildFile; fileRef = 8CBD2CCE2C4DF93E00D4A502 /* MoodCluster.swift */; };
		8CBD2CD12C4DFAA400D4A502 /* MoodPositioning.swift in Sources */ = {isa = PBXBuildFile; fileRef = 8CBD2CD02C4DFAA400D4A502 /* MoodPositioning.swift */; };
		921118932C4E60860047C4EE /* XPBarView.swift in Sources */ = {isa = PBXBuildFile; fileRef = 921118912C4E60860047C4EE /* XPBarView.swift */; };
		921118952C4E60B20047C4EE /* JournalRewardView.swift in Sources */ = {isa = PBXBuildFile; fileRef = 921118942C4E60B20047C4EE /* JournalRewardView.swift */; };
		9B0614B62C44D56B00C6736F /* RichTextEditor.swift in Sources */ = {isa = PBXBuildFile; fileRef = 9B0614B52C44D56B00C6736F /* RichTextEditor.swift */; };
		9B0ECA112C3FC4AC0098E196 /* Nocjurnal_ADA_MC3App.swift in Sources */ = {isa = PBXBuildFile; fileRef = 9B0ECA102C3FC4AC0098E196 /* Nocjurnal_ADA_MC3App.swift */; };
		9B0ECA132C3FC4AC0098E196 /* ContentView.swift in Sources */ = {isa = PBXBuildFile; fileRef = 9B0ECA122C3FC4AC0098E196 /* ContentView.swift */; };
		9B0ECA152C3FC4AD0098E196 /* Assets.xcassets in Resources */ = {isa = PBXBuildFile; fileRef = 9B0ECA142C3FC4AD0098E196 /* Assets.xcassets */; };
		9B0ECA182C3FC4AD0098E196 /* Preview Assets.xcassets in Resources */ = {isa = PBXBuildFile; fileRef = 9B0ECA172C3FC4AD0098E196 /* Preview Assets.xcassets */; };
		9B0ECA332C3FCC780098E196 /* HomeView.swift in Sources */ = {isa = PBXBuildFile; fileRef = 9B0ECA322C3FCC780098E196 /* HomeView.swift */; };
		9B0ECA3D2C3FCE110098E196 /* ReportView.swift in Sources */ = {isa = PBXBuildFile; fileRef = 9B0ECA3C2C3FCE110098E196 /* ReportView.swift */; };
		9B0ECA3F2C3FCE1A0098E196 /* JournalView.swift in Sources */ = {isa = PBXBuildFile; fileRef = 9B0ECA3E2C3FCE1A0098E196 /* JournalView.swift */; };
		9B0ECA412C3FCE240098E196 /* FriendView.swift in Sources */ = {isa = PBXBuildFile; fileRef = 9B0ECA402C3FCE240098E196 /* FriendView.swift */; };
		9B0ECA432C3FCE2B0098E196 /* ProfileView.swift in Sources */ = {isa = PBXBuildFile; fileRef = 9B0ECA422C3FCE2B0098E196 /* ProfileView.swift */; };
		9B0ECA452C3FCF390098E196 /* MoodPickingView.swift in Sources */ = {isa = PBXBuildFile; fileRef = 9B0ECA442C3FCF390098E196 /* MoodPickingView.swift */; };
		9B0ECA4F2C3FD2A30098E196 /* Color.swift in Sources */ = {isa = PBXBuildFile; fileRef = 9B0ECA4E2C3FD2A30098E196 /* Color.swift */; };
		9B0ECA542C3FD5380098E196 /* BackButton.swift in Sources */ = {isa = PBXBuildFile; fileRef = 9B0ECA532C3FD5380098E196 /* BackButton.swift */; };
		9B0ECA562C3FD7340098E196 /* NextButton.swift in Sources */ = {isa = PBXBuildFile; fileRef = 9B0ECA552C3FD7340098E196 /* NextButton.swift */; };
		9B0ECA582C3FD93C0098E196 /* JournalToolBar.swift in Sources */ = {isa = PBXBuildFile; fileRef = 9B0ECA572C3FD93C0098E196 /* JournalToolBar.swift */; };
		9B8398152C3FDE8D00399E19 /* TabBar.swift in Sources */ = {isa = PBXBuildFile; fileRef = 9B8398142C3FDE8D00399E19 /* TabBar.swift */; };
		9B8398172C3FE35700399E19 /* Font.swift in Sources */ = {isa = PBXBuildFile; fileRef = 9B8398162C3FE35700399E19 /* Font.swift */; };
		9B8398282C3FEBBA00399E19 /* Kodchasan-Bold.ttf in Resources */ = {isa = PBXBuildFile; fileRef = 9B8398202C3FE7D200399E19 /* Kodchasan-Bold.ttf */; };
		9B8398292C3FEBBA00399E19 /* Kodchasan-BoldItalic.ttf in Resources */ = {isa = PBXBuildFile; fileRef = 9B8398232C3FE7D200399E19 /* Kodchasan-BoldItalic.ttf */; };
		9B83982A2C3FEBBA00399E19 /* Kodchasan-ExtraLight.ttf in Resources */ = {isa = PBXBuildFile; fileRef = 9B83981B2C3FE7D200399E19 /* Kodchasan-ExtraLight.ttf */; };
		9B83982B2C3FEBBA00399E19 /* Kodchasan-ExtraLightItalic.ttf in Resources */ = {isa = PBXBuildFile; fileRef = 9B83981A2C3FE7D200399E19 /* Kodchasan-ExtraLightItalic.ttf */; };
		9B83982C2C3FEBBA00399E19 /* Kodchasan-Italic.ttf in Resources */ = {isa = PBXBuildFile; fileRef = 9B8398212C3FE7D200399E19 /* Kodchasan-Italic.ttf */; };
		9B83982D2C3FEBBA00399E19 /* Kodchasan-Light.ttf in Resources */ = {isa = PBXBuildFile; fileRef = 9B8398192C3FE7D200399E19 /* Kodchasan-Light.ttf */; };
		9B83982E2C3FEBBA00399E19 /* Kodchasan-LightItalic.ttf in Resources */ = {isa = PBXBuildFile; fileRef = 9B83981E2C3FE7D200399E19 /* Kodchasan-LightItalic.ttf */; };
		9B83982F2C3FEBBA00399E19 /* Kodchasan-Medium.ttf in Resources */ = {isa = PBXBuildFile; fileRef = 9B83981F2C3FE7D200399E19 /* Kodchasan-Medium.ttf */; };
		9B8398302C3FEBBA00399E19 /* Kodchasan-MediumItalic.ttf in Resources */ = {isa = PBXBuildFile; fileRef = 9B8398242C3FE7D200399E19 /* Kodchasan-MediumItalic.ttf */; };
		9B8398312C3FEBBA00399E19 /* Kodchasan-Regular.ttf in Resources */ = {isa = PBXBuildFile; fileRef = 9B83981C2C3FE7D200399E19 /* Kodchasan-Regular.ttf */; };
		9B8398322C3FEBBA00399E19 /* Kodchasan-SemiBold.ttf in Resources */ = {isa = PBXBuildFile; fileRef = 9B83981D2C3FE7D200399E19 /* Kodchasan-SemiBold.ttf */; };
		9B8398332C3FEBBA00399E19 /* Kodchasan-SemiBoldItalic.ttf in Resources */ = {isa = PBXBuildFile; fileRef = 9B8398222C3FE7D200399E19 /* Kodchasan-SemiBoldItalic.ttf */; };
		9B8398352C401E0900399E19 /* CircleButton.swift in Sources */ = {isa = PBXBuildFile; fileRef = 9B8398342C401E0900399E19 /* CircleButton.swift */; };
		9B8398382C401EB300399E19 /* ShopView.swift in Sources */ = {isa = PBXBuildFile; fileRef = 9B8398372C401EB300399E19 /* ShopView.swift */; };
		9BCD24CB2C4E411C0089FB47 /* UserInventoryModel.swift in Sources */ = {isa = PBXBuildFile; fileRef = 9BCD24CA2C4E411C0089FB47 /* UserInventoryModel.swift */; };
		9BCD24CD2C4E44720089FB47 /* ShopInventoryModel.swift in Sources */ = {isa = PBXBuildFile; fileRef = 9BCD24CC2C4E44720089FB47 /* ShopInventoryModel.swift */; };
		9BCD24D12C4E460C0089FB47 /* ShopItemView.swift in Sources */ = {isa = PBXBuildFile; fileRef = 9BCD24D02C4E460C0089FB47 /* ShopItemView.swift */; };
		9BCD24D42C4E46440089FB47 /* InventoryView.swift in Sources */ = {isa = PBXBuildFile; fileRef = 9BCD24D32C4E46440089FB47 /* InventoryView.swift */; };
		9BCD24D62C4E544F0089FB47 /* UserModel.swift in Sources */ = {isa = PBXBuildFile; fileRef = 9BCD24D52C4E544F0089FB47 /* UserModel.swift */; };
/* End PBXBuildFile section */

/* Begin PBXFileReference section */
		30D297142C4F9FB600496B5E /* MoodCard.swift */ = {isa = PBXFileReference; lastKnownFileType = sourcecode.swift; path = MoodCard.swift; sourceTree = "<group>"; };
		8C29650D2C45123F0027E79D /* Style.swift */ = {isa = PBXFileReference; lastKnownFileType = sourcecode.swift; path = Style.swift; sourceTree = "<group>"; };
		8C29650F2C4514450027E79D /* ButtonRegular.swift */ = {isa = PBXFileReference; lastKnownFileType = sourcecode.swift; path = ButtonRegular.swift; sourceTree = "<group>"; };
		8C2965112C45184C0027E79D /* Application.swift */ = {isa = PBXFileReference; lastKnownFileType = sourcecode.swift; path = Application.swift; sourceTree = "<group>"; };
		8C2965162C46611B0027E79D /* ButtonIcon.swift */ = {isa = PBXFileReference; lastKnownFileType = sourcecode.swift; path = ButtonIcon.swift; sourceTree = "<group>"; };
		8C29651B2C4669A40027E79D /* JournalModel.swift */ = {isa = PBXFileReference; lastKnownFileType = sourcecode.swift; path = JournalModel.swift; sourceTree = "<group>"; };
		8C29651E2C466A100027E79D /* AttributedText.swift */ = {isa = PBXFileReference; lastKnownFileType = sourcecode.swift; path = AttributedText.swift; sourceTree = "<group>"; };
		8C2965202C466A8A0027E79D /* JournalDetailView.swift */ = {isa = PBXFileReference; lastKnownFileType = sourcecode.swift; path = JournalDetailView.swift; sourceTree = "<group>"; };
		8C2965222C47A7350027E79D /* EditingView.swift */ = {isa = PBXFileReference; lastKnownFileType = sourcecode.swift; path = EditingView.swift; sourceTree = "<group>"; };
		8C2965242C47B8850027E79D /* TaggingView.swift */ = {isa = PBXFileReference; lastKnownFileType = sourcecode.swift; path = TaggingView.swift; sourceTree = "<group>"; };
		8C4249BD2C4A343700709111 /* VerticalFlow.swift */ = {isa = PBXFileReference; lastKnownFileType = sourcecode.swift; path = VerticalFlow.swift; sourceTree = "<group>"; };
		8C9B9A2C2C5230DE000258DA /* JournalListView.swift */ = {isa = PBXFileReference; lastKnownFileType = sourcecode.swift; path = JournalListView.swift; sourceTree = "<group>"; };
		8C9B9A2E2C52338E000258DA /* Collection.swift */ = {isa = PBXFileReference; lastKnownFileType = sourcecode.swift; path = Collection.swift; sourceTree = "<group>"; };
		8CBD2CCA2C4DCE4A00D4A502 /* Mood.swift */ = {isa = PBXFileReference; lastKnownFileType = sourcecode.swift; path = Mood.swift; sourceTree = "<group>"; };
		8CBD2CCC2C4DF90600D4A502 /* MoodData.swift */ = {isa = PBXFileReference; lastKnownFileType = sourcecode.swift; path = MoodData.swift; sourceTree = "<group>"; };
		8CBD2CCE2C4DF93E00D4A502 /* MoodCluster.swift */ = {isa = PBXFileReference; lastKnownFileType = sourcecode.swift; path = MoodCluster.swift; sourceTree = "<group>"; };
		8CBD2CD02C4DFAA400D4A502 /* MoodPositioning.swift */ = {isa = PBXFileReference; lastKnownFileType = sourcecode.swift; path = MoodPositioning.swift; sourceTree = "<group>"; };
		921118912C4E60860047C4EE /* XPBarView.swift */ = {isa = PBXFileReference; fileEncoding = 4; lastKnownFileType = sourcecode.swift; path = XPBarView.swift; sourceTree = "<group>"; };
		921118942C4E60B20047C4EE /* JournalRewardView.swift */ = {isa = PBXFileReference; fileEncoding = 4; lastKnownFileType = sourcecode.swift; path = JournalRewardView.swift; sourceTree = "<group>"; };
		9B0614B52C44D56B00C6736F /* RichTextEditor.swift */ = {isa = PBXFileReference; lastKnownFileType = sourcecode.swift; path = RichTextEditor.swift; sourceTree = "<group>"; };
		9B0ECA0D2C3FC4AC0098E196 /* Nocjurnal-ADA-MC3.app */ = {isa = PBXFileReference; explicitFileType = wrapper.application; includeInIndex = 0; path = "Nocjurnal-ADA-MC3.app"; sourceTree = BUILT_PRODUCTS_DIR; };
		9B0ECA102C3FC4AC0098E196 /* Nocjurnal_ADA_MC3App.swift */ = {isa = PBXFileReference; lastKnownFileType = sourcecode.swift; path = Nocjurnal_ADA_MC3App.swift; sourceTree = "<group>"; };
		9B0ECA122C3FC4AC0098E196 /* ContentView.swift */ = {isa = PBXFileReference; lastKnownFileType = sourcecode.swift; path = ContentView.swift; sourceTree = "<group>"; };
		9B0ECA142C3FC4AD0098E196 /* Assets.xcassets */ = {isa = PBXFileReference; lastKnownFileType = folder.assetcatalog; path = Assets.xcassets; sourceTree = "<group>"; };
		9B0ECA172C3FC4AD0098E196 /* Preview Assets.xcassets */ = {isa = PBXFileReference; lastKnownFileType = folder.assetcatalog; path = "Preview Assets.xcassets"; sourceTree = "<group>"; };
		9B0ECA322C3FCC780098E196 /* HomeView.swift */ = {isa = PBXFileReference; lastKnownFileType = sourcecode.swift; path = HomeView.swift; sourceTree = "<group>"; };
		9B0ECA3C2C3FCE110098E196 /* ReportView.swift */ = {isa = PBXFileReference; lastKnownFileType = sourcecode.swift; path = ReportView.swift; sourceTree = "<group>"; };
		9B0ECA3E2C3FCE1A0098E196 /* JournalView.swift */ = {isa = PBXFileReference; lastKnownFileType = sourcecode.swift; path = JournalView.swift; sourceTree = "<group>"; };
		9B0ECA402C3FCE240098E196 /* FriendView.swift */ = {isa = PBXFileReference; lastKnownFileType = sourcecode.swift; path = FriendView.swift; sourceTree = "<group>"; };
		9B0ECA422C3FCE2B0098E196 /* ProfileView.swift */ = {isa = PBXFileReference; lastKnownFileType = sourcecode.swift; path = ProfileView.swift; sourceTree = "<group>"; };
		9B0ECA442C3FCF390098E196 /* MoodPickingView.swift */ = {isa = PBXFileReference; lastKnownFileType = sourcecode.swift; path = MoodPickingView.swift; sourceTree = "<group>"; };
		9B0ECA4E2C3FD2A30098E196 /* Color.swift */ = {isa = PBXFileReference; lastKnownFileType = sourcecode.swift; path = Color.swift; sourceTree = "<group>"; };
		9B0ECA532C3FD5380098E196 /* BackButton.swift */ = {isa = PBXFileReference; lastKnownFileType = sourcecode.swift; path = BackButton.swift; sourceTree = "<group>"; };
		9B0ECA552C3FD7340098E196 /* NextButton.swift */ = {isa = PBXFileReference; lastKnownFileType = sourcecode.swift; path = NextButton.swift; sourceTree = "<group>"; };
		9B0ECA572C3FD93C0098E196 /* JournalToolBar.swift */ = {isa = PBXFileReference; lastKnownFileType = sourcecode.swift; path = JournalToolBar.swift; sourceTree = "<group>"; };
		9B8398142C3FDE8D00399E19 /* TabBar.swift */ = {isa = PBXFileReference; lastKnownFileType = sourcecode.swift; path = TabBar.swift; sourceTree = "<group>"; };
		9B8398162C3FE35700399E19 /* Font.swift */ = {isa = PBXFileReference; lastKnownFileType = sourcecode.swift; path = Font.swift; sourceTree = "<group>"; };
		9B8398192C3FE7D200399E19 /* Kodchasan-Light.ttf */ = {isa = PBXFileReference; lastKnownFileType = file; path = "Kodchasan-Light.ttf"; sourceTree = "<group>"; };
		9B83981A2C3FE7D200399E19 /* Kodchasan-ExtraLightItalic.ttf */ = {isa = PBXFileReference; lastKnownFileType = file; path = "Kodchasan-ExtraLightItalic.ttf"; sourceTree = "<group>"; };
		9B83981B2C3FE7D200399E19 /* Kodchasan-ExtraLight.ttf */ = {isa = PBXFileReference; lastKnownFileType = file; path = "Kodchasan-ExtraLight.ttf"; sourceTree = "<group>"; };
		9B83981C2C3FE7D200399E19 /* Kodchasan-Regular.ttf */ = {isa = PBXFileReference; lastKnownFileType = file; path = "Kodchasan-Regular.ttf"; sourceTree = "<group>"; };
		9B83981D2C3FE7D200399E19 /* Kodchasan-SemiBold.ttf */ = {isa = PBXFileReference; lastKnownFileType = file; path = "Kodchasan-SemiBold.ttf"; sourceTree = "<group>"; };
		9B83981E2C3FE7D200399E19 /* Kodchasan-LightItalic.ttf */ = {isa = PBXFileReference; lastKnownFileType = file; path = "Kodchasan-LightItalic.ttf"; sourceTree = "<group>"; };
		9B83981F2C3FE7D200399E19 /* Kodchasan-Medium.ttf */ = {isa = PBXFileReference; lastKnownFileType = file; path = "Kodchasan-Medium.ttf"; sourceTree = "<group>"; };
		9B8398202C3FE7D200399E19 /* Kodchasan-Bold.ttf */ = {isa = PBXFileReference; lastKnownFileType = file; path = "Kodchasan-Bold.ttf"; sourceTree = "<group>"; };
		9B8398212C3FE7D200399E19 /* Kodchasan-Italic.ttf */ = {isa = PBXFileReference; lastKnownFileType = file; path = "Kodchasan-Italic.ttf"; sourceTree = "<group>"; };
		9B8398222C3FE7D200399E19 /* Kodchasan-SemiBoldItalic.ttf */ = {isa = PBXFileReference; lastKnownFileType = file; path = "Kodchasan-SemiBoldItalic.ttf"; sourceTree = "<group>"; };
		9B8398232C3FE7D200399E19 /* Kodchasan-BoldItalic.ttf */ = {isa = PBXFileReference; lastKnownFileType = file; path = "Kodchasan-BoldItalic.ttf"; sourceTree = "<group>"; };
		9B8398242C3FE7D200399E19 /* Kodchasan-MediumItalic.ttf */ = {isa = PBXFileReference; lastKnownFileType = file; path = "Kodchasan-MediumItalic.ttf"; sourceTree = "<group>"; };
		9B8398252C3FE7F500399E19 /* Info.plist */ = {isa = PBXFileReference; lastKnownFileType = text.plist.xml; path = Info.plist; sourceTree = "<group>"; };
		9B8398342C401E0900399E19 /* CircleButton.swift */ = {isa = PBXFileReference; lastKnownFileType = sourcecode.swift; path = CircleButton.swift; sourceTree = "<group>"; };
		9B8398372C401EB300399E19 /* ShopView.swift */ = {isa = PBXFileReference; lastKnownFileType = sourcecode.swift; path = ShopView.swift; sourceTree = "<group>"; };
		9BCD24CA2C4E411C0089FB47 /* UserInventoryModel.swift */ = {isa = PBXFileReference; lastKnownFileType = sourcecode.swift; path = UserInventoryModel.swift; sourceTree = "<group>"; };
		9BCD24CC2C4E44720089FB47 /* ShopInventoryModel.swift */ = {isa = PBXFileReference; lastKnownFileType = sourcecode.swift; path = ShopInventoryModel.swift; sourceTree = "<group>"; };
		9BCD24D02C4E460C0089FB47 /* ShopItemView.swift */ = {isa = PBXFileReference; lastKnownFileType = sourcecode.swift; path = ShopItemView.swift; sourceTree = "<group>"; };
		9BCD24D32C4E46440089FB47 /* InventoryView.swift */ = {isa = PBXFileReference; lastKnownFileType = sourcecode.swift; path = InventoryView.swift; sourceTree = "<group>"; };
		9BCD24D52C4E544F0089FB47 /* UserModel.swift */ = {isa = PBXFileReference; lastKnownFileType = sourcecode.swift; path = UserModel.swift; sourceTree = "<group>"; };
/* End PBXFileReference section */

/* Begin PBXFrameworksBuildPhase section */
		9B0ECA0A2C3FC4AC0098E196 /* Frameworks */ = {
			isa = PBXFrameworksBuildPhase;
			buildActionMask = 2147483647;
			files = (
			);
			runOnlyForDeploymentPostprocessing = 0;
		};
/* End PBXFrameworksBuildPhase section */

/* Begin PBXGroup section */
		8C2965152C4661040027E79D /* Buttons */ = {
			isa = PBXGroup;
			children = (
				8C29650F2C4514450027E79D /* ButtonRegular.swift */,
				8C2965162C46611B0027E79D /* ButtonIcon.swift */,
			);
			path = Buttons;
			sourceTree = "<group>";
		};
		8C29651A2C4669960027E79D /* Model */ = {
			isa = PBXGroup;
			children = (
				9BCD24C52C4E40A60089FB47 /* Inventory */,
				8C29651B2C4669A40027E79D /* JournalModel.swift */,
			);
			path = Model;
			sourceTree = "<group>";
		};
		8C29651D2C4669BF0027E79D /* ViewModel */ = {
			isa = PBXGroup;
			children = (
			);
			path = ViewModel;
			sourceTree = "<group>";
		};
		8CBD2CC92C4DCE3A00D4A502 /* MoodBreakdown */ = {
			isa = PBXGroup;
			children = (
				8CBD2CCA2C4DCE4A00D4A502 /* Mood.swift */,
				8CBD2CCC2C4DF90600D4A502 /* MoodData.swift */,
				8CBD2CCE2C4DF93E00D4A502 /* MoodCluster.swift */,
				8CBD2CD02C4DFAA400D4A502 /* MoodPositioning.swift */,
			);
			path = MoodBreakdown;
			sourceTree = "<group>";
		};
		921118922C4E60860047C4EE /* XPBar */ = {
			isa = PBXGroup;
			children = (
				921118912C4E60860047C4EE /* XPBarView.swift */,
			);
			path = XPBar;
			sourceTree = "<group>";
		};
		9B0ECA042C3FC4AC0098E196 = {
			isa = PBXGroup;
			children = (
				9B0ECA0F2C3FC4AC0098E196 /* Nocjurnal-ADA-MC3 */,
				9B0ECA0E2C3FC4AC0098E196 /* Products */,
			);
			sourceTree = "<group>";
		};
		9B0ECA0E2C3FC4AC0098E196 /* Products */ = {
			isa = PBXGroup;
			children = (
				9B0ECA0D2C3FC4AC0098E196 /* Nocjurnal-ADA-MC3.app */,
			);
			name = Products;
			sourceTree = "<group>";
		};
		9B0ECA0F2C3FC4AC0098E196 /* Nocjurnal-ADA-MC3 */ = {
			isa = PBXGroup;
			children = (
				8C29651D2C4669BF0027E79D /* ViewModel */,
				8C29651A2C4669960027E79D /* Model */,
				9B0ECA362C3FCCD40098E196 /* View */,
				9B0ECA4B2C3FD28B0098E196 /* Others */,
				9B0ECA122C3FC4AC0098E196 /* ContentView.swift */,
				9B0ECA102C3FC4AC0098E196 /* Nocjurnal_ADA_MC3App.swift */,
				8C2965112C45184C0027E79D /* Application.swift */,
				9B0ECA142C3FC4AD0098E196 /* Assets.xcassets */,
				9B0ECA162C3FC4AD0098E196 /* Preview Content */,
				9B8398252C3FE7F500399E19 /* Info.plist */,
			);
			path = "Nocjurnal-ADA-MC3";
			sourceTree = "<group>";
		};
		9B0ECA162C3FC4AD0098E196 /* Preview Content */ = {
			isa = PBXGroup;
			children = (
				9B0ECA172C3FC4AD0098E196 /* Preview Assets.xcassets */,
			);
			path = "Preview Content";
			sourceTree = "<group>";
		};
		9B0ECA362C3FCCD40098E196 /* View */ = {
			isa = PBXGroup;
			children = (
				9BCD24D22C4E46300089FB47 /* User */,
				9B8398362C401EA400399E19 /* Shop */,
				9B0ECA3B2C3FCD040098E196 /* Profile */,
				9B0ECA3A2C3FCCFA0098E196 /* Friend */,
				9B0ECA392C3FCCF40098E196 /* Journal */,
				9B0ECA382C3FCCED0098E196 /* Report */,
				9B0ECA372C3FCCE40098E196 /* Home */,
			);
			path = View;
			sourceTree = "<group>";
		};
		9B0ECA372C3FCCE40098E196 /* Home */ = {
			isa = PBXGroup;
			children = (
				9B0ECA322C3FCC780098E196 /* HomeView.swift */,
			);
			path = Home;
			sourceTree = "<group>";
		};
		9B0ECA382C3FCCED0098E196 /* Report */ = {
			isa = PBXGroup;
			children = (
				9B0ECA3C2C3FCE110098E196 /* ReportView.swift */,
				8C2965202C466A8A0027E79D /* JournalDetailView.swift */,
				8C9B9A2C2C5230DE000258DA /* JournalListView.swift */,
			);
			path = Report;
			sourceTree = "<group>";
		};
		9B0ECA392C3FCCF40098E196 /* Journal */ = {
			isa = PBXGroup;
			children = (
				921118942C4E60B20047C4EE /* JournalRewardView.swift */,
				9B0ECA3E2C3FCE1A0098E196 /* JournalView.swift */,
				9B0ECA442C3FCF390098E196 /* MoodPickingView.swift */,
				8C2965222C47A7350027E79D /* EditingView.swift */,
				8C2965242C47B8850027E79D /* TaggingView.swift */,
			);
			path = Journal;
			sourceTree = "<group>";
		};
		9B0ECA3A2C3FCCFA0098E196 /* Friend */ = {
			isa = PBXGroup;
			children = (
				9B0ECA402C3FCE240098E196 /* FriendView.swift */,
			);
			path = Friend;
			sourceTree = "<group>";
		};
		9B0ECA3B2C3FCD040098E196 /* Profile */ = {
			isa = PBXGroup;
			children = (
				9B0ECA422C3FCE2B0098E196 /* ProfileView.swift */,
			);
			path = Profile;
			sourceTree = "<group>";
		};
		9B0ECA4B2C3FD28B0098E196 /* Others */ = {
			isa = PBXGroup;
			children = (
				9B8398182C3FE79C00399E19 /* Fonts */,
				9B0ECA4D2C3FD2980098E196 /* Extensions */,
				9B0ECA4C2C3FD2910098E196 /* Components */,
			);
			path = Others;
			sourceTree = "<group>";
		};
		9B0ECA4C2C3FD2910098E196 /* Components */ = {
			isa = PBXGroup;
			children = (
				921118922C4E60860047C4EE /* XPBar */,
				8CBD2CC92C4DCE3A00D4A502 /* MoodBreakdown */,
				8C2965152C4661040027E79D /* Buttons */,
				9B0ECA592C3FD9490098E196 /* Navigation */,
				9B0ECA502C3FD4F60098E196 /* NavigationButton */,
				9B0614B52C44D56B00C6736F /* RichTextEditor.swift */,
				8C29651E2C466A100027E79D /* AttributedText.swift */,
				30D297142C4F9FB600496B5E /* MoodCard.swift */,
				9B0ECA572C3FD93C0098E196 /* JournalToolBar.swift */,
				8C4249BD2C4A343700709111 /* VerticalFlow.swift */,
			);
			path = Components;
			sourceTree = "<group>";
		};
		9B0ECA4D2C3FD2980098E196 /* Extensions */ = {
			isa = PBXGroup;
			children = (
				9B0ECA4E2C3FD2A30098E196 /* Color.swift */,
				9B8398162C3FE35700399E19 /* Font.swift */,
				8C29650D2C45123F0027E79D /* Style.swift */,
				8C9B9A2E2C52338E000258DA /* Collection.swift */,
			);
			path = Extensions;
			sourceTree = "<group>";
		};
		9B0ECA502C3FD4F60098E196 /* NavigationButton */ = {
			isa = PBXGroup;
			children = (
				9B0ECA532C3FD5380098E196 /* BackButton.swift */,
				9B0ECA552C3FD7340098E196 /* NextButton.swift */,
				9B8398342C401E0900399E19 /* CircleButton.swift */,
			);
			path = NavigationButton;
			sourceTree = "<group>";
		};
		9B0ECA592C3FD9490098E196 /* Navigation */ = {
			isa = PBXGroup;
			children = (
				9B8398142C3FDE8D00399E19 /* TabBar.swift */,
			);
			path = Navigation;
			sourceTree = "<group>";
		};
		9B8398182C3FE79C00399E19 /* Fonts */ = {
			isa = PBXGroup;
			children = (
				9B8398202C3FE7D200399E19 /* Kodchasan-Bold.ttf */,
				9B8398232C3FE7D200399E19 /* Kodchasan-BoldItalic.ttf */,
				9B83981B2C3FE7D200399E19 /* Kodchasan-ExtraLight.ttf */,
				9B83981A2C3FE7D200399E19 /* Kodchasan-ExtraLightItalic.ttf */,
				9B8398212C3FE7D200399E19 /* Kodchasan-Italic.ttf */,
				9B8398192C3FE7D200399E19 /* Kodchasan-Light.ttf */,
				9B83981E2C3FE7D200399E19 /* Kodchasan-LightItalic.ttf */,
				9B83981F2C3FE7D200399E19 /* Kodchasan-Medium.ttf */,
				9B8398242C3FE7D200399E19 /* Kodchasan-MediumItalic.ttf */,
				9B83981C2C3FE7D200399E19 /* Kodchasan-Regular.ttf */,
				9B83981D2C3FE7D200399E19 /* Kodchasan-SemiBold.ttf */,
				9B8398222C3FE7D200399E19 /* Kodchasan-SemiBoldItalic.ttf */,
			);
			path = Fonts;
			sourceTree = "<group>";
		};
		9B8398362C401EA400399E19 /* Shop */ = {
			isa = PBXGroup;
			children = (
				9B8398372C401EB300399E19 /* ShopView.swift */,
				9BCD24D02C4E460C0089FB47 /* ShopItemView.swift */,
			);
			path = Shop;
			sourceTree = "<group>";
		};
		9BCD24C52C4E40A60089FB47 /* Inventory */ = {
			isa = PBXGroup;
			children = (
				9BCD24CA2C4E411C0089FB47 /* UserInventoryModel.swift */,
				9BCD24CC2C4E44720089FB47 /* ShopInventoryModel.swift */,
				9BCD24D52C4E544F0089FB47 /* UserModel.swift */,
			);
			path = Inventory;
			sourceTree = "<group>";
		};
		9BCD24D22C4E46300089FB47 /* User */ = {
			isa = PBXGroup;
			children = (
				9BCD24D32C4E46440089FB47 /* InventoryView.swift */,
			);
			path = User;
			sourceTree = "<group>";
		};
/* End PBXGroup section */

/* Begin PBXNativeTarget section */
		9B0ECA0C2C3FC4AC0098E196 /* Nocjurnal-ADA-MC3 */ = {
			isa = PBXNativeTarget;
			buildConfigurationList = 9B0ECA1B2C3FC4AD0098E196 /* Build configuration list for PBXNativeTarget "Nocjurnal-ADA-MC3" */;
			buildPhases = (
				9B0ECA092C3FC4AC0098E196 /* Sources */,
				9B0ECA0A2C3FC4AC0098E196 /* Frameworks */,
				9B0ECA0B2C3FC4AC0098E196 /* Resources */,
			);
			buildRules = (
			);
			dependencies = (
			);
			name = "Nocjurnal-ADA-MC3";
			productName = "Nocjurnal-ADA-MC3";
			productReference = 9B0ECA0D2C3FC4AC0098E196 /* Nocjurnal-ADA-MC3.app */;
			productType = "com.apple.product-type.application";
		};
/* End PBXNativeTarget section */

/* Begin PBXProject section */
		9B0ECA052C3FC4AC0098E196 /* Project object */ = {
			isa = PBXProject;
			attributes = {
				BuildIndependentTargetsInParallel = 1;
				LastSwiftUpdateCheck = 1540;
				LastUpgradeCheck = 1540;
				TargetAttributes = {
					9B0ECA0C2C3FC4AC0098E196 = {
						CreatedOnToolsVersion = 15.4;
					};
				};
			};
			buildConfigurationList = 9B0ECA082C3FC4AC0098E196 /* Build configuration list for PBXProject "Nocjurnal-ADA-MC3" */;
			compatibilityVersion = "Xcode 14.0";
			developmentRegion = en;
			hasScannedForEncodings = 0;
			knownRegions = (
				en,
				Base,
			);
			mainGroup = 9B0ECA042C3FC4AC0098E196;
			productRefGroup = 9B0ECA0E2C3FC4AC0098E196 /* Products */;
			projectDirPath = "";
			projectRoot = "";
			targets = (
				9B0ECA0C2C3FC4AC0098E196 /* Nocjurnal-ADA-MC3 */,
			);
		};
/* End PBXProject section */

/* Begin PBXResourcesBuildPhase section */
		9B0ECA0B2C3FC4AC0098E196 /* Resources */ = {
			isa = PBXResourcesBuildPhase;
			buildActionMask = 2147483647;
			files = (
				9B8398282C3FEBBA00399E19 /* Kodchasan-Bold.ttf in Resources */,
				9B8398292C3FEBBA00399E19 /* Kodchasan-BoldItalic.ttf in Resources */,
				9B83982A2C3FEBBA00399E19 /* Kodchasan-ExtraLight.ttf in Resources */,
				9B83982B2C3FEBBA00399E19 /* Kodchasan-ExtraLightItalic.ttf in Resources */,
				9B83982C2C3FEBBA00399E19 /* Kodchasan-Italic.ttf in Resources */,
				9B83982D2C3FEBBA00399E19 /* Kodchasan-Light.ttf in Resources */,
				9B83982E2C3FEBBA00399E19 /* Kodchasan-LightItalic.ttf in Resources */,
				9B83982F2C3FEBBA00399E19 /* Kodchasan-Medium.ttf in Resources */,
				9B8398302C3FEBBA00399E19 /* Kodchasan-MediumItalic.ttf in Resources */,
				9B8398312C3FEBBA00399E19 /* Kodchasan-Regular.ttf in Resources */,
				9B8398322C3FEBBA00399E19 /* Kodchasan-SemiBold.ttf in Resources */,
				9B8398332C3FEBBA00399E19 /* Kodchasan-SemiBoldItalic.ttf in Resources */,
				9B0ECA182C3FC4AD0098E196 /* Preview Assets.xcassets in Resources */,
				9B0ECA152C3FC4AD0098E196 /* Assets.xcassets in Resources */,
			);
			runOnlyForDeploymentPostprocessing = 0;
		};
/* End PBXResourcesBuildPhase section */

/* Begin PBXSourcesBuildPhase section */
		9B0ECA092C3FC4AC0098E196 /* Sources */ = {
			isa = PBXSourcesBuildPhase;
			buildActionMask = 2147483647;
			files = (
				8C2965102C4514450027E79D /* ButtonRegular.swift in Sources */,
				8C29651C2C4669A40027E79D /* JournalModel.swift in Sources */,
				9B8398352C401E0900399E19 /* CircleButton.swift in Sources */,
				8C2965172C46611B0027E79D /* ButtonIcon.swift in Sources */,
				9B0ECA332C3FCC780098E196 /* HomeView.swift in Sources */,
				8C2965232C47A7350027E79D /* EditingView.swift in Sources */,
				9B0ECA582C3FD93C0098E196 /* JournalToolBar.swift in Sources */,
				8C9B9A2F2C52338E000258DA /* Collection.swift in Sources */,
				9B0ECA3F2C3FCE1A0098E196 /* JournalView.swift in Sources */,
				9B0ECA132C3FC4AC0098E196 /* ContentView.swift in Sources */,
				9B0ECA3D2C3FCE110098E196 /* ReportView.swift in Sources */,
				8C9B9A2D2C5230DE000258DA /* JournalListView.swift in Sources */,
				9B0ECA542C3FD5380098E196 /* BackButton.swift in Sources */,
				9BCD24D42C4E46440089FB47 /* InventoryView.swift in Sources */,
				8C29650E2C45123F0027E79D /* Style.swift in Sources */,
				8C2965212C466A8A0027E79D /* JournalDetailView.swift in Sources */,
				9B8398172C3FE35700399E19 /* Font.swift in Sources */,
				9BCD24CB2C4E411C0089FB47 /* UserInventoryModel.swift in Sources */,
				9B0614B62C44D56B00C6736F /* RichTextEditor.swift in Sources */,
				8CBD2CCF2C4DF93E00D4A502 /* MoodCluster.swift in Sources */,
				9BCD24D12C4E460C0089FB47 /* ShopItemView.swift in Sources */,
				8C4249BE2C4A343700709111 /* VerticalFlow.swift in Sources */,
				9B0ECA412C3FCE240098E196 /* FriendView.swift in Sources */,
				921118952C4E60B20047C4EE /* JournalRewardView.swift in Sources */,
				9B0ECA562C3FD7340098E196 /* NextButton.swift in Sources */,
				8CBD2CCD2C4DF90600D4A502 /* MoodData.swift in Sources */,
				8C2965122C45184C0027E79D /* Application.swift in Sources */,
				8CBD2CD12C4DFAA400D4A502 /* MoodPositioning.swift in Sources */,
				30D297152C4F9FB600496B5E /* MoodCard.swift in Sources */,
				8C2965252C47B8850027E79D /* TaggingView.swift in Sources */,
				9B0ECA432C3FCE2B0098E196 /* ProfileView.swift in Sources */,
				9B8398152C3FDE8D00399E19 /* TabBar.swift in Sources */,
				9B0ECA112C3FC4AC0098E196 /* Nocjurnal_ADA_MC3App.swift in Sources */,
				9B0ECA452C3FCF390098E196 /* MoodPickingView.swift in Sources */,
				9BCD24CD2C4E44720089FB47 /* ShopInventoryModel.swift in Sources */,
				8CBD2CCB2C4DCE4A00D4A502 /* Mood.swift in Sources */,
				921118932C4E60860047C4EE /* XPBarView.swift in Sources */,
				8C29651F2C466A100027E79D /* AttributedText.swift in Sources */,
				9B8398382C401EB300399E19 /* ShopView.swift in Sources */,
				9BCD24D62C4E544F0089FB47 /* UserModel.swift in Sources */,
				9B0ECA4F2C3FD2A30098E196 /* Color.swift in Sources */,
			);
			runOnlyForDeploymentPostprocessing = 0;
		};
/* End PBXSourcesBuildPhase section */

/* Begin XCBuildConfiguration section */
		9B0ECA192C3FC4AD0098E196 /* Debug */ = {
			isa = XCBuildConfiguration;
			buildSettings = {
				ALWAYS_SEARCH_USER_PATHS = NO;
				ASSETCATALOG_COMPILER_GENERATE_SWIFT_ASSET_SYMBOL_EXTENSIONS = YES;
				CLANG_ANALYZER_NONNULL = YES;
				CLANG_ANALYZER_NUMBER_OBJECT_CONVERSION = YES_AGGRESSIVE;
				CLANG_CXX_LANGUAGE_STANDARD = "gnu++20";
				CLANG_ENABLE_MODULES = YES;
				CLANG_ENABLE_OBJC_ARC = YES;
				CLANG_ENABLE_OBJC_WEAK = YES;
				CLANG_WARN_BLOCK_CAPTURE_AUTORELEASING = YES;
				CLANG_WARN_BOOL_CONVERSION = YES;
				CLANG_WARN_COMMA = YES;
				CLANG_WARN_CONSTANT_CONVERSION = YES;
				CLANG_WARN_DEPRECATED_OBJC_IMPLEMENTATIONS = YES;
				CLANG_WARN_DIRECT_OBJC_ISA_USAGE = YES_ERROR;
				CLANG_WARN_DOCUMENTATION_COMMENTS = YES;
				CLANG_WARN_EMPTY_BODY = YES;
				CLANG_WARN_ENUM_CONVERSION = YES;
				CLANG_WARN_INFINITE_RECURSION = YES;
				CLANG_WARN_INT_CONVERSION = YES;
				CLANG_WARN_NON_LITERAL_NULL_CONVERSION = YES;
				CLANG_WARN_OBJC_IMPLICIT_RETAIN_SELF = YES;
				CLANG_WARN_OBJC_LITERAL_CONVERSION = YES;
				CLANG_WARN_OBJC_ROOT_CLASS = YES_ERROR;
				CLANG_WARN_QUOTED_INCLUDE_IN_FRAMEWORK_HEADER = YES;
				CLANG_WARN_RANGE_LOOP_ANALYSIS = YES;
				CLANG_WARN_STRICT_PROTOTYPES = YES;
				CLANG_WARN_SUSPICIOUS_MOVE = YES;
				CLANG_WARN_UNGUARDED_AVAILABILITY = YES_AGGRESSIVE;
				CLANG_WARN_UNREACHABLE_CODE = YES;
				CLANG_WARN__DUPLICATE_METHOD_MATCH = YES;
				COPY_PHASE_STRIP = NO;
				DEBUG_INFORMATION_FORMAT = dwarf;
				ENABLE_STRICT_OBJC_MSGSEND = YES;
				ENABLE_TESTABILITY = YES;
				ENABLE_USER_SCRIPT_SANDBOXING = YES;
				GCC_C_LANGUAGE_STANDARD = gnu17;
				GCC_DYNAMIC_NO_PIC = NO;
				GCC_NO_COMMON_BLOCKS = YES;
				GCC_OPTIMIZATION_LEVEL = 0;
				GCC_PREPROCESSOR_DEFINITIONS = (
					"DEBUG=1",
					"$(inherited)",
				);
				GCC_WARN_64_TO_32_BIT_CONVERSION = YES;
				GCC_WARN_ABOUT_RETURN_TYPE = YES_ERROR;
				GCC_WARN_UNDECLARED_SELECTOR = YES;
				GCC_WARN_UNINITIALIZED_AUTOS = YES_AGGRESSIVE;
				GCC_WARN_UNUSED_FUNCTION = YES;
				GCC_WARN_UNUSED_VARIABLE = YES;
				INFOPLIST_FILE = "Nocjurnal-ADA-MC3/Info.plist";
				IPHONEOS_DEPLOYMENT_TARGET = 17.5;
				LOCALIZATION_PREFERS_STRING_CATALOGS = YES;
				MTL_ENABLE_DEBUG_INFO = INCLUDE_SOURCE;
				MTL_FAST_MATH = YES;
				ONLY_ACTIVE_ARCH = YES;
				SDKROOT = iphoneos;
				SWIFT_ACTIVE_COMPILATION_CONDITIONS = "DEBUG $(inherited)";
				SWIFT_OPTIMIZATION_LEVEL = "-Onone";
			};
			name = Debug;
		};
		9B0ECA1A2C3FC4AD0098E196 /* Release */ = {
			isa = XCBuildConfiguration;
			buildSettings = {
				ALWAYS_SEARCH_USER_PATHS = NO;
				ASSETCATALOG_COMPILER_GENERATE_SWIFT_ASSET_SYMBOL_EXTENSIONS = YES;
				CLANG_ANALYZER_NONNULL = YES;
				CLANG_ANALYZER_NUMBER_OBJECT_CONVERSION = YES_AGGRESSIVE;
				CLANG_CXX_LANGUAGE_STANDARD = "gnu++20";
				CLANG_ENABLE_MODULES = YES;
				CLANG_ENABLE_OBJC_ARC = YES;
				CLANG_ENABLE_OBJC_WEAK = YES;
				CLANG_WARN_BLOCK_CAPTURE_AUTORELEASING = YES;
				CLANG_WARN_BOOL_CONVERSION = YES;
				CLANG_WARN_COMMA = YES;
				CLANG_WARN_CONSTANT_CONVERSION = YES;
				CLANG_WARN_DEPRECATED_OBJC_IMPLEMENTATIONS = YES;
				CLANG_WARN_DIRECT_OBJC_ISA_USAGE = YES_ERROR;
				CLANG_WARN_DOCUMENTATION_COMMENTS = YES;
				CLANG_WARN_EMPTY_BODY = YES;
				CLANG_WARN_ENUM_CONVERSION = YES;
				CLANG_WARN_INFINITE_RECURSION = YES;
				CLANG_WARN_INT_CONVERSION = YES;
				CLANG_WARN_NON_LITERAL_NULL_CONVERSION = YES;
				CLANG_WARN_OBJC_IMPLICIT_RETAIN_SELF = YES;
				CLANG_WARN_OBJC_LITERAL_CONVERSION = YES;
				CLANG_WARN_OBJC_ROOT_CLASS = YES_ERROR;
				CLANG_WARN_QUOTED_INCLUDE_IN_FRAMEWORK_HEADER = YES;
				CLANG_WARN_RANGE_LOOP_ANALYSIS = YES;
				CLANG_WARN_STRICT_PROTOTYPES = YES;
				CLANG_WARN_SUSPICIOUS_MOVE = YES;
				CLANG_WARN_UNGUARDED_AVAILABILITY = YES_AGGRESSIVE;
				CLANG_WARN_UNREACHABLE_CODE = YES;
				CLANG_WARN__DUPLICATE_METHOD_MATCH = YES;
				COPY_PHASE_STRIP = NO;
				DEBUG_INFORMATION_FORMAT = "dwarf-with-dsym";
				ENABLE_NS_ASSERTIONS = NO;
				ENABLE_STRICT_OBJC_MSGSEND = YES;
				ENABLE_USER_SCRIPT_SANDBOXING = YES;
				GCC_C_LANGUAGE_STANDARD = gnu17;
				GCC_NO_COMMON_BLOCKS = YES;
				GCC_WARN_64_TO_32_BIT_CONVERSION = YES;
				GCC_WARN_ABOUT_RETURN_TYPE = YES_ERROR;
				GCC_WARN_UNDECLARED_SELECTOR = YES;
				GCC_WARN_UNINITIALIZED_AUTOS = YES_AGGRESSIVE;
				GCC_WARN_UNUSED_FUNCTION = YES;
				GCC_WARN_UNUSED_VARIABLE = YES;
				INFOPLIST_FILE = "Nocjurnal-ADA-MC3/Info.plist";
				IPHONEOS_DEPLOYMENT_TARGET = 17.5;
				LOCALIZATION_PREFERS_STRING_CATALOGS = YES;
				MTL_ENABLE_DEBUG_INFO = NO;
				MTL_FAST_MATH = YES;
				SDKROOT = iphoneos;
				SWIFT_COMPILATION_MODE = wholemodule;
				VALIDATE_PRODUCT = YES;
			};
			name = Release;
		};
		9B0ECA1C2C3FC4AD0098E196 /* Debug */ = {
			isa = XCBuildConfiguration;
			buildSettings = {
				ASSETCATALOG_COMPILER_APPICON_NAME = AppIcon;
				ASSETCATALOG_COMPILER_GLOBAL_ACCENT_COLOR_NAME = AccentColor;
				CODE_SIGN_STYLE = Automatic;
				CURRENT_PROJECT_VERSION = 1;
				DEVELOPMENT_ASSET_PATHS = "\"Nocjurnal-ADA-MC3/Preview Content\"";
				DEVELOPMENT_TEAM = 4784A2Z39F;
				ENABLE_PREVIEWS = YES;
				GENERATE_INFOPLIST_FILE = YES;
				INFOPLIST_KEY_CFBundleDisplayName = Nocjournal;
				INFOPLIST_KEY_UIApplicationSceneManifest_Generation = YES;
				INFOPLIST_KEY_UIApplicationSupportsIndirectInputEvents = YES;
				INFOPLIST_KEY_UILaunchScreen_Generation = YES;
				INFOPLIST_KEY_UISupportedInterfaceOrientations_iPad = "UIInterfaceOrientationPortrait UIInterfaceOrientationPortraitUpsideDown UIInterfaceOrientationLandscapeLeft UIInterfaceOrientationLandscapeRight";
				INFOPLIST_KEY_UISupportedInterfaceOrientations_iPhone = "UIInterfaceOrientationPortrait UIInterfaceOrientationLandscapeLeft UIInterfaceOrientationLandscapeRight";
				LD_RUNPATH_SEARCH_PATHS = (
					"$(inherited)",
					"@executable_path/Frameworks",
				);
				MARKETING_VERSION = 1.0;
				PRODUCT_BUNDLE_IDENTIFIER = "tegarmarino.Nocjurnal-ADA-MC3";
				PRODUCT_NAME = "$(TARGET_NAME)";
				SWIFT_EMIT_LOC_STRINGS = YES;
				SWIFT_VERSION = 5.0;
				TARGETED_DEVICE_FAMILY = "1,2";
			};
			name = Debug;
		};
		9B0ECA1D2C3FC4AD0098E196 /* Release */ = {
			isa = XCBuildConfiguration;
			buildSettings = {
				ASSETCATALOG_COMPILER_APPICON_NAME = AppIcon;
				ASSETCATALOG_COMPILER_GLOBAL_ACCENT_COLOR_NAME = AccentColor;
				CODE_SIGN_STYLE = Automatic;
				CURRENT_PROJECT_VERSION = 1;
				DEVELOPMENT_ASSET_PATHS = "\"Nocjurnal-ADA-MC3/Preview Content\"";
				DEVELOPMENT_TEAM = 4784A2Z39F;
				ENABLE_PREVIEWS = YES;
				GENERATE_INFOPLIST_FILE = YES;
				INFOPLIST_KEY_CFBundleDisplayName = Nocjournal;
				INFOPLIST_KEY_UIApplicationSceneManifest_Generation = YES;
				INFOPLIST_KEY_UIApplicationSupportsIndirectInputEvents = YES;
				INFOPLIST_KEY_UILaunchScreen_Generation = YES;
				INFOPLIST_KEY_UISupportedInterfaceOrientations_iPad = "UIInterfaceOrientationPortrait UIInterfaceOrientationPortraitUpsideDown UIInterfaceOrientationLandscapeLeft UIInterfaceOrientationLandscapeRight";
				INFOPLIST_KEY_UISupportedInterfaceOrientations_iPhone = "UIInterfaceOrientationPortrait UIInterfaceOrientationLandscapeLeft UIInterfaceOrientationLandscapeRight";
				LD_RUNPATH_SEARCH_PATHS = (
					"$(inherited)",
					"@executable_path/Frameworks",
				);
				MARKETING_VERSION = 1.0;
				PRODUCT_BUNDLE_IDENTIFIER = "tegarmarino.Nocjurnal-ADA-MC3";
				PRODUCT_NAME = "$(TARGET_NAME)";
				SWIFT_EMIT_LOC_STRINGS = YES;
				SWIFT_VERSION = 5.0;
				TARGETED_DEVICE_FAMILY = "1,2";
			};
			name = Release;
		};
/* End XCBuildConfiguration section */

/* Begin XCConfigurationList section */
		9B0ECA082C3FC4AC0098E196 /* Build configuration list for PBXProject "Nocjurnal-ADA-MC3" */ = {
			isa = XCConfigurationList;
			buildConfigurations = (
				9B0ECA192C3FC4AD0098E196 /* Debug */,
				9B0ECA1A2C3FC4AD0098E196 /* Release */,
			);
			defaultConfigurationIsVisible = 0;
			defaultConfigurationName = Release;
		};
		9B0ECA1B2C3FC4AD0098E196 /* Build configuration list for PBXNativeTarget "Nocjurnal-ADA-MC3" */ = {
			isa = XCConfigurationList;
			buildConfigurations = (
				9B0ECA1C2C3FC4AD0098E196 /* Debug */,
				9B0ECA1D2C3FC4AD0098E196 /* Release */,
			);
			defaultConfigurationIsVisible = 0;
			defaultConfigurationName = Release;
		};
/* End XCConfigurationList section */
	};
	rootObject = 9B0ECA052C3FC4AC0098E196 /* Project object */;
}
